
Microsoft Visual Studio Solution File, Format Version 12.00
# Visual Studio Version 16
VisualStudioVersion = 16.0.31410.357
MinimumVisualStudioVersion = 10.0.40219.1
Project("{FAE04EC0-301F-11D3-BF4B-00C04F79EFBC}") = "Shop-15", "Shop-15\Shop-15.csproj", "{8E5CD0F7-F880-4377-BA43-C4C0DD2CCC9A}"
EndProject
Global
	GlobalSection(SolutionConfigurationPlatforms) = preSolution
		Debug|Any CPU = Debug|Any CPU
		Release|Any CPU = Release|Any CPU
	EndGlobalSection
	GlobalSection(ProjectConfigurationPlatforms) = postSolution
		{8E5CD0F7-F880-4377-BA43-C4C0DD2CCC9A}.Debug|Any CPU.ActiveCfg = Debug|Any CPU
		{8E5CD0F7-F880-4377-BA43-C4C0DD2CCC9A}.Debug|Any CPU.Build.0 = Debug|Any CPU
		{8E5CD0F7-F880-4377-BA43-C4C0DD2CCC9A}.Release|Any CPU.ActiveCfg = Release|Any CPU
		{8E5CD0F7-F880-4377-BA43-C4C0DD2CCC9A}.Release|Any CPU.Build.0 = Release|Any CPU
	EndGlobalSection
	GlobalSection(SolutionProperties) = preSolution
		HideSolutionNode = FALSE
	EndGlobalSection
	GlobalSection(ExtensibilityGlobals) = postSolution
		SolutionGuid = {D1718075-D851-4AF8-8647-F78CB85255D0}
	EndGlobalSection
EndGlobal
